// !$*UTF8*$!
{
	archiveVersion = 1;
	classes = {
	};
	objectVersion = 46;
	objects = {

/* Begin PBXBuildFile section */
		D521807EC222A41401B2D9C0 /* Assets.xcassets in Resources */ = {isa = PBXBuildFile; fileRef = D52188B2665600BA53FEDAFA /* Assets.xcassets */; };
		D5218A1987D6AAD0A8A87E86 /* main.m in Sources */ = {isa = PBXBuildFile; fileRef = D5218F846C2324F363AF60DD /* main.m */; };
		D5218B1AD2E492D3889288CA /* Main.storyboard in Resources */ = {isa = PBXBuildFile; fileRef = D52184A932E4C5E1B82C6967 /* Main.storyboard */; };
		D5218C908A589E2950ED0762 /* testInternetUITests.m in Sources */ = {isa = PBXBuildFile; fileRef = D52186395E53E2089D051D22 /* testInternetUITests.m */; };
		D5218DE4A8889955C0453F84 /* LaunchScreen.storyboard in Resources */ = {isa = PBXBuildFile; fileRef = D5218FD7741277503BE1B398 /* LaunchScreen.storyboard */; };
		D5218FC239DDA18682483519 /* ViewController.m in Sources */ = {isa = PBXBuildFile; fileRef = D521813AD6BA6D1572973112 /* ViewController.m */; };
		D5218FD6254E5909D8BCB6FC /* AppDelegate.m in Sources */ = {isa = PBXBuildFile; fileRef = D5218C6760BC8B0424619A3F /* AppDelegate.m */; };
/* End PBXBuildFile section */

/* Begin PBXContainerItemProxy section */
		D521828C32ECB2419943B3BE /* PBXContainerItemProxy */ = {
			isa = PBXContainerItemProxy;
			containerPortal = D52181FAF97FE7C5F37BC25E /* Project object */;
			proxyType = 1;
			remoteGlobalIDString = D5218514634D55C05E82096B;
			remoteInfo = testInternet;
		};
/* End PBXContainerItemProxy section */

/* Begin PBXFileReference section */
		D52180C34CBDBEFC3B6C932A /* AppDelegate.h */ = {isa = PBXFileReference; lastKnownFileType = sourcecode.c.h; path = AppDelegate.h; sourceTree = "<group>"; };
		D52180E0967202B7152E1C2F /* testInternetUITests.xctest */ = {isa = PBXFileReference; explicitFileType = wrapper.cfbundle; includeInIndex = 0; path = testInternetUITests.xctest; sourceTree = BUILT_PRODUCTS_DIR; };
		D521813AD6BA6D1572973112 /* ViewController.m */ = {isa = PBXFileReference; lastKnownFileType = sourcecode.c.objc; path = ViewController.m; sourceTree = "<group>"; };
		D521835B95D8AC135B4B73B9 /* Base */ = {isa = PBXFileReference; lastKnownFileType = file.storyboard; name = Base; path = Base.lproj/Main.storyboard; sourceTree = "<group>"; };
		D52186395E53E2089D051D22 /* testInternetUITests.m */ = {isa = PBXFileReference; lastKnownFileType = sourcecode.c.objc; path = testInternetUITests.m; sourceTree = "<group>"; };
		D521871C17F0F2BC8C4E91C8 /* Info.plist */ = {isa = PBXFileReference; lastKnownFileType = text.plist.info; path = Info.plist; sourceTree = "<group>"; };
		D52188B2665600BA53FEDAFA /* Assets.xcassets */ = {isa = PBXFileReference; lastKnownFileType = folder.assetcatalog; path = Assets.xcassets; sourceTree = "<group>"; };
		D521891D59275DB7F3EFB6EB /* Info.plist */ = {isa = PBXFileReference; lastKnownFileType = text.plist.info; path = Info.plist; sourceTree = "<group>"; };
		D52189AAA2D5550F4DD41788 /* Base */ = {isa = PBXFileReference; lastKnownFileType = file.storyboard; name = Base; path = Base.lproj/LaunchScreen.storyboard; sourceTree = "<group>"; };
		D5218C1CAE68D4D5E8A3E2FE /* testInternet.app */ = {isa = PBXFileReference; explicitFileType = wrapper.application; includeInIndex = 0; path = testInternet.app; sourceTree = BUILT_PRODUCTS_DIR; };
		D5218C6760BC8B0424619A3F /* AppDelegate.m */ = {isa = PBXFileReference; lastKnownFileType = sourcecode.c.objc; path = AppDelegate.m; sourceTree = "<group>"; };
		D5218F846C2324F363AF60DD /* main.m */ = {isa = PBXFileReference; lastKnownFileType = sourcecode.c.objc; path = main.m; sourceTree = "<group>"; };
		D5218FE525760E72756E37C5 /* ViewController.h */ = {isa = PBXFileReference; lastKnownFileType = sourcecode.c.h; path = ViewController.h; sourceTree = "<group>"; };
/* End PBXFileReference section */

/* Begin PBXFrameworksBuildPhase section */
		D521819CE55B5B9C91EA7F3D /* Frameworks */ = {
			isa = PBXFrameworksBuildPhase;
			buildActionMask = 2147483647;
			files = (
			);
			runOnlyForDeploymentPostprocessing = 0;
		};
		D521871B1351DB172B31B94A /* Frameworks */ = {
			isa = PBXFrameworksBuildPhase;
			buildActionMask = 2147483647;
			files = (
			);
			runOnlyForDeploymentPostprocessing = 0;
		};
/* End PBXFrameworksBuildPhase section */

/* Begin PBXGroup section */
		D52182C77BA44C7ACD399DAB = {
			isa = PBXGroup;
			children = (
				D52189A5AFE5BB57EB8260BE /* Products */,
				D5218D1A1FDE9AC79EC1DD0D /* testInternet */,
				D52183735CBBDCE1F00CF478 /* testInternetUITests */,
			);
			sourceTree = "<group>";
		};
		D52183735CBBDCE1F00CF478 /* testInternetUITests */ = {
			isa = PBXGroup;
			children = (
				D521871C17F0F2BC8C4E91C8 /* Info.plist */,
				D52186395E53E2089D051D22 /* testInternetUITests.m */,
			);
			path = testInternetUITests;
			sourceTree = "<group>";
		};
		D52189A5AFE5BB57EB8260BE /* Products */ = {
			isa = PBXGroup;
			children = (
				D5218C1CAE68D4D5E8A3E2FE /* testInternet.app */,
				D52180E0967202B7152E1C2F /* testInternetUITests.xctest */,
			);
			name = Products;
			sourceTree = "<group>";
		};
		D5218CE3DED1BF4756BFC0B2 /* Supporting Files */ = {
			isa = PBXGroup;
			children = (
				D5218F846C2324F363AF60DD /* main.m */,
			);
			name = "Supporting Files";
			sourceTree = "<group>";
		};
		D5218D1A1FDE9AC79EC1DD0D /* testInternet */ = {
			isa = PBXGroup;
			children = (
				D521891D59275DB7F3EFB6EB /* Info.plist */,
				D52188B2665600BA53FEDAFA /* Assets.xcassets */,
				D5218FD7741277503BE1B398 /* LaunchScreen.storyboard */,
				D5218CE3DED1BF4756BFC0B2 /* Supporting Files */,
				D52180C34CBDBEFC3B6C932A /* AppDelegate.h */,
				D5218C6760BC8B0424619A3F /* AppDelegate.m */,
				D52184A932E4C5E1B82C6967 /* Main.storyboard */,
				D5218FE525760E72756E37C5 /* ViewController.h */,
				D521813AD6BA6D1572973112 /* ViewController.m */,
			);
			path = testInternet;
			sourceTree = "<group>";
		};
/* End PBXGroup section */

/* Begin PBXNativeTarget section */
		D5218514634D55C05E82096B /* testInternet */ = {
			isa = PBXNativeTarget;
			buildConfigurationList = D5218DEC4214FF75A6360DF0 /* Build configuration list for PBXNativeTarget "testInternet" */;
			buildPhases = (
				D5218088DD2E2C53FB57BE9E /* Sources */,
				D521819CE55B5B9C91EA7F3D /* Frameworks */,
				D5218DB87617502B27BDFAF1 /* Resources */,
			);
			buildRules = (
			);
			dependencies = (
			);
			name = testInternet;
			productName = testInternet;
			productReference = D5218C1CAE68D4D5E8A3E2FE /* testInternet.app */;
			productType = "com.apple.product-type.application";
		};
		D5218AA610E3841D850FFF3D /* testInternetUITests */ = {
			isa = PBXNativeTarget;
			buildConfigurationList = D5218F565834327D4BE2F865 /* Build configuration list for PBXNativeTarget "testInternetUITests" */;
			buildPhases = (
				D5218ACC99FCE106DDCEDA51 /* Sources */,
				D521871B1351DB172B31B94A /* Frameworks */,
				D5218B26B6F5CB7BDA60716D /* Resources */,
			);
			buildRules = (
			);
			dependencies = (
				D52182004B460DC08623E446 /* PBXTargetDependency */,
			);
			name = testInternetUITests;
			productName = testInternetUITests;
			productReference = D52180E0967202B7152E1C2F /* testInternetUITests.xctest */;
			productType = "com.apple.product-type.bundle.ui-testing";
		};
/* End PBXNativeTarget section */

/* Begin PBXProject section */
		D52181FAF97FE7C5F37BC25E /* Project object */ = {
			isa = PBXProject;
			attributes = {
				ORGANIZATIONNAME = lixiang;
			};
			buildConfigurationList = D52188C4FDEA3B52F493459E /* Build configuration list for PBXProject "testInternet" */;
			compatibilityVersion = "Xcode 3.2";
			developmentRegion = English;
			hasScannedForEncodings = 0;
			knownRegions = (
				en,
			);
			mainGroup = D52182C77BA44C7ACD399DAB;
			productRefGroup = D52189A5AFE5BB57EB8260BE /* Products */;
			projectDirPath = "";
			projectRoot = "";
			targets = (
				D5218514634D55C05E82096B /* testInternet */,
				D5218AA610E3841D850FFF3D /* testInternetUITests */,
			);
		};
/* End PBXProject section */

/* Begin PBXResourcesBuildPhase section */
		D5218B26B6F5CB7BDA60716D /* Resources */ = {
			isa = PBXResourcesBuildPhase;
			buildActionMask = 2147483647;
			files = (
			);
			runOnlyForDeploymentPostprocessing = 0;
		};
		D5218DB87617502B27BDFAF1 /* Resources */ = {
			isa = PBXResourcesBuildPhase;
			buildActionMask = 2147483647;
			files = (
				D521807EC222A41401B2D9C0 /* Assets.xcassets in Resources */,
				D5218DE4A8889955C0453F84 /* LaunchScreen.storyboard in Resources */,
				D5218B1AD2E492D3889288CA /* Main.storyboard in Resources */,
			);
			runOnlyForDeploymentPostprocessing = 0;
		};
/* End PBXResourcesBuildPhase section */

/* Begin PBXSourcesBuildPhase section */
		D5218088DD2E2C53FB57BE9E /* Sources */ = {
			isa = PBXSourcesBuildPhase;
			buildActionMask = 2147483647;
			files = (
				D5218A1987D6AAD0A8A87E86 /* main.m in Sources */,
				D5218FD6254E5909D8BCB6FC /* AppDelegate.m in Sources */,
				D5218FC239DDA18682483519 /* ViewController.m in Sources */,
			);
			runOnlyForDeploymentPostprocessing = 0;
		};
		D5218ACC99FCE106DDCEDA51 /* Sources */ = {
			isa = PBXSourcesBuildPhase;
			buildActionMask = 2147483647;
			files = (
				D5218C908A589E2950ED0762 /* testInternetUITests.m in Sources */,
			);
			runOnlyForDeploymentPostprocessing = 0;
		};
/* End PBXSourcesBuildPhase section */

/* Begin PBXTargetDependency section */
		D52182004B460DC08623E446 /* PBXTargetDependency */ = {
			isa = PBXTargetDependency;
			target = D5218514634D55C05E82096B /* testInternet */;
			targetProxy = D521828C32ECB2419943B3BE /* PBXContainerItemProxy */;
		};
/* End PBXTargetDependency section */

/* Begin PBXVariantGroup section */
		D52184A932E4C5E1B82C6967 /* Main.storyboard */ = {
			isa = PBXVariantGroup;
			children = (
				D521835B95D8AC135B4B73B9 /* Base */,
			);
			name = Main.storyboard;
			sourceTree = "<group>";
		};
		D5218FD7741277503BE1B398 /* LaunchScreen.storyboard */ = {
			isa = PBXVariantGroup;
			children = (
				D52189AAA2D5550F4DD41788 /* Base */,
			);
			name = LaunchScreen.storyboard;
			sourceTree = "<group>";
		};
/* End PBXVariantGroup section */

/* Begin XCBuildConfiguration section */
		D5218189F567798E7C987F28 /* Debug */ = {
			isa = XCBuildConfiguration;
			buildSettings = {
				ASSETCATALOG_COMPILER_APPICON_NAME = AppIcon;
				INFOPLIST_FILE = testInternet/Info.plist;
				LD_RUNPATH_SEARCH_PATHS = "$(inherited) @executable_path/Frameworks";
				PRODUCT_BUNDLE_IDENTIFIER = com.cgwx.lixiang.testInternet;
				PRODUCT_NAME = "$(TARGET_NAME)";
			};
			name = Debug;
		};
		D52181FBA2357EFCD20CEEB7 /* Debug */ = {
			isa = XCBuildConfiguration;
			buildSettings = {
				INFOPLIST_FILE = testInternetUITests/Info.plist;
				LD_RUNPATH_SEARCH_PATHS = "$(inherited) @executable_path/Frameworks @loader_path/Frameworks";
				PRODUCT_BUNDLE_IDENTIFIER = com.cgwx.lixiang.testInternetUITests;
				PRODUCT_NAME = "$(TARGET_NAME)";
				TEST_TARGET_NAME = testInternet;
			};
			name = Debug;
		};
		D52184D0DC1C73F80A6760C6 /* Release */ = {
			isa = XCBuildConfiguration;
			buildSettings = {
				ASSETCATALOG_COMPILER_APPICON_NAME = AppIcon;
				INFOPLIST_FILE = testInternet/Info.plist;
				LD_RUNPATH_SEARCH_PATHS = "$(inherited) @executable_path/Frameworks";
				PRODUCT_BUNDLE_IDENTIFIER = com.cgwx.lixiang.testInternet;
				PRODUCT_NAME = "$(TARGET_NAME)";
			};
			name = Release;
		};
		D52186E5EA38DE245FA4ECC4 /* Release */ = {
			isa = XCBuildConfiguration;
			buildSettings = {
				ALWAYS_SEARCH_USER_PATHS = NO;
				CLANG_ANALYZER_NONNULL = YES;
				CLANG_ANALYZER_NUMBER_OBJECT_CONVERSION = YES_AGGRESSIVE;
				CLANG_CXX_LANGUAGE_STANDARD = "gnu++0x";
				CLANG_CXX_LIBRARY = "libc++";
				CLANG_ENABLE_MODULES = YES;
				CLANG_ENABLE_OBJC_ARC = YES;
				CLANG_WARN_BOOL_CONVERSION = YES;
				CLANG_WARN_CONSTANT_CONVERSION = YES;
				CLANG_WARN_DIRECT_OBJC_ISA_USAGE = YES_ERROR;
				CLANG_WARN_DOCUMENTATION_COMMENTS = YES;
				CLANG_WARN_EMPTY_BODY = YES;
				CLANG_WARN_ENUM_CONVERSION = YES;
				CLANG_WARN_INFINITE_RECURSION = YES;
				CLANG_WARN_INT_CONVERSION = YES;
				CLANG_WARN_OBJC_ROOT_CLASS = YES_ERROR;
				CLANG_WARN_SUSPICIOUS_MOVE = YES;
				CLANG_WARN_UNREACHABLE_CODE = YES;
				CLANG_WARN__DUPLICATE_METHOD_MATCH = YES;
				"CODE_SIGN_IDENTITY[sdk=iphoneos*]" = "iPhone Developer";
				COPY_PHASE_STRIP = NO;
				DEBUG_INFORMATION_FORMAT = "dwarf-with-dsym";
				ENABLE_NS_ASSERTIONS = NO;
				ENABLE_STRICT_OBJC_MSGSEND = YES;
				GCC_C_LANGUAGE_STANDARD = gnu99;
				GCC_NO_COMMON_BLOCKS = YES;
				GCC_WARN_64_TO_32_BIT_CONVERSION = YES;
				GCC_WARN_ABOUT_RETURN_TYPE = YES_ERROR;
				GCC_WARN_UNDECLARED_SELECTOR = YES;
				GCC_WARN_UNINITIALIZED_AUTOS = YES_AGGRESSIVE;
				GCC_WARN_UNUSED_FUNCTION = YES;
				GCC_WARN_UNUSED_VARIABLE = YES;
				IPHONEOS_DEPLOYMENT_TARGET = 10.3;
				MTL_ENABLE_DEBUG_INFO = NO;
				SDKROOT = iphoneos;
				TARGETED_DEVICE_FAMILY = "1,2";
				VALIDATE_PRODUCT = YES;
			};
			name = Release;
		};
		D52187CF16CD5787B4EC12EE /* Release */ = {
			isa = XCBuildConfiguration;
			buildSettings = {
				INFOPLIST_FILE = testInternetUITests/Info.plist;
				LD_RUNPATH_SEARCH_PATHS = "$(inherited) @executable_path/Frameworks @loader_path/Frameworks";
				PRODUCT_BUNDLE_IDENTIFIER = com.cgwx.lixiang.testInternetUITests;
				PRODUCT_NAME = "$(TARGET_NAME)";
				TEST_TARGET_NAME = testInternet;
			};
			name = Release;
		};
		D5218FC3626F85628CA09551 /* Debug */ = {
			isa = XCBuildConfiguration;
			buildSettings = {
				ALWAYS_SEARCH_USER_PATHS = NO;
				CLANG_ANALYZER_NONNULL = YES;
				CLANG_ANALYZER_NUMBER_OBJECT_CONVERSION = YES_AGGRESSIVE;
				CLANG_CXX_LANGUAGE_STANDARD = "gnu++0x";
				CLANG_CXX_LIBRARY = "libc++";
				CLANG_ENABLE_MODULES = YES;
				CLANG_ENABLE_OBJC_ARC = YES;
				CLANG_WARN_BOOL_CONVERSION = YES;
				CLANG_WARN_CONSTANT_CONVERSION = YES;
				CLANG_WARN_DIRECT_OBJC_ISA_USAGE = YES_ERROR;
				CLANG_WARN_DOCUMENTATION_COMMENTS = YES;
				CLANG_WARN_EMPTY_BODY = YES;
				CLANG_WARN_ENUM_CONVERSION = YES;
				CLANG_WARN_INFINITE_RECURSION = YES;
				CLANG_WARN_INT_CONVERSION = YES;
				CLANG_WARN_OBJC_ROOT_CLASS = YES_ERROR;
				CLANG_WARN_SUSPICIOUS_MOVE = YES;
				CLANG_WARN_UNREACHABLE_CODE = YES;
				CLANG_WARN__DUPLICATE_METHOD_MATCH = YES;
				"CODE_SIGN_IDENTITY[sdk=iphoneos*]" = "iPhone Developer";
				COPY_PHASE_STRIP = NO;
				DEBUG_INFORMATION_FORMAT = dwarf;
				ENABLE_STRICT_OBJC_MSGSEND = YES;
				ENABLE_TESTABILITY = YES;
				GCC_C_LANGUAGE_STANDARD = gnu99;
				GCC_DYNAMIC_NO_PIC = NO;
				GCC_NO_COMMON_BLOCKS = YES;
				GCC_OPTIMIZATION_LEVEL = 0;
				GCC_PREPROCESSOR_DEFINITIONS = (
					"DEBUG=1",
					"$(inherited)",
				);
				GCC_WARN_64_TO_32_BIT_CONVERSION = YES;
				GCC_WARN_ABOUT_RETURN_TYPE = YES_ERROR;
				GCC_WARN_UNDECLARED_SELECTOR = YES;
				GCC_WARN_UNINITIALIZED_AUTOS = YES_AGGRESSIVE;
				GCC_WARN_UNUSED_FUNCTION = YES;
				GCC_WARN_UNUSED_VARIABLE = YES;
				IPHONEOS_DEPLOYMENT_TARGET = 10.3;
				MTL_ENABLE_DEBUG_INFO = YES;
				ONLY_ACTIVE_ARCH = YES;
				SDKROOT = iphoneos;
				TARGETED_DEVICE_FAMILY = "1,2";
			};
			name = Debug;
		};
/* End XCBuildConfiguration section */

/* Begin XCConfigurationList section */
		D52188C4FDEA3B52F493459E /* Build configuration list for PBXProject "testInternet" */ = {
			isa = XCConfigurationList;
			buildConfigurations = (
				D5218FC3626F85628CA09551 /* Debug */,
				D52186E5EA38DE245FA4ECC4 /* Release */,
			);
			defaultConfigurationIsVisible = 0;
			defaultConfigurationName = Release;
		};
		D5218DEC4214FF75A6360DF0 /* Build configuration list for PBXNativeTarget "testInternet" */ = {
			isa = XCConfigurationList;
			buildConfigurations = (
				D5218189F567798E7C987F28 /* Debug */,
				D52184D0DC1C73F80A6760C6 /* Release */,
			);
			defaultConfigurationIsVisible = 0;
		};
		D5218F565834327D4BE2F865 /* Build configuration list for PBXNativeTarget "testInternetUITests" */ = {
			isa = XCConfigurationList;
			buildConfigurations = (
				D52181FBA2357EFCD20CEEB7 /* Debug */,
				D52187CF16CD5787B4EC12EE /* Release */,
			);
			defaultConfigurationIsVisible = 0;
		};
/* End XCConfigurationList section */
	};
	rootObject = D52181FAF97FE7C5F37BC25E /* Project object */;
}
